// !$*UTF8*$!
{
	archiveVersion = 1;
	classes = {
	};
	objectVersion = 56;
	objects = {

/* Begin PBXBuildFile section */
		0C92E5E12BD9BF9100FA9BD2 /* AjudeNossoBairro.xcdatamodeld in Sources */ = {isa = PBXBuildFile; fileRef = 0C92E5DF2BD9BF9000FA9BD2 /* AjudeNossoBairro.xcdatamodeld */; };
		0C92E5E32BD9C04900FA9BD2 /* AjudeNossoBairroTableViewController.swift in Sources */ = {isa = PBXBuildFile; fileRef = 0C92E5E22BD9C04900FA9BD2 /* AjudeNossoBairroTableViewController.swift */; };
		0C92E5E52BD9C12E00FA9BD2 /* NewsTableViewCell.swift in Sources */ = {isa = PBXBuildFile; fileRef = 0C92E5E42BD9C12E00FA9BD2 /* NewsTableViewCell.swift */; };
		0C92E5E72BD9C1AB00FA9BD2 /* UIViewController+Context.swift in Sources */ = {isa = PBXBuildFile; fileRef = 0C92E5E62BD9C1AB00FA9BD2 /* UIViewController+Context.swift */; };
		0C92E5E92BD9C25200FA9BD2 /* NewsFormViewController.swift in Sources */ = {isa = PBXBuildFile; fileRef = 0C92E5E82BD9C25200FA9BD2 /* NewsFormViewController.swift */; };
		0C92E5EB2BD9CA3600FA9BD2 /* NewsViewController.swift in Sources */ = {isa = PBXBuildFile; fileRef = 0C92E5EA2BD9CA3600FA9BD2 /* NewsViewController.swift */; };
		0CDBA0C52BD9AFF0000B81DA /* AppDelegate.swift in Sources */ = {isa = PBXBuildFile; fileRef = 0CDBA0C42BD9AFF0000B81DA /* AppDelegate.swift */; };
		0CDBA0C72BD9AFF0000B81DA /* SceneDelegate.swift in Sources */ = {isa = PBXBuildFile; fileRef = 0CDBA0C62BD9AFF0000B81DA /* SceneDelegate.swift */; };
		0CDBA0C92BD9AFF0000B81DA /* ViewController.swift in Sources */ = {isa = PBXBuildFile; fileRef = 0CDBA0C82BD9AFF0000B81DA /* ViewController.swift */; };
		0CDBA0CC2BD9AFF0000B81DA /* Main.storyboard in Resources */ = {isa = PBXBuildFile; fileRef = 0CDBA0CA2BD9AFF0000B81DA /* Main.storyboard */; };
		0CDBA0CE2BD9AFF2000B81DA /* Assets.xcassets in Resources */ = {isa = PBXBuildFile; fileRef = 0CDBA0CD2BD9AFF2000B81DA /* Assets.xcassets */; };
		0CDBA0D12BD9AFF2000B81DA /* LaunchScreen.storyboard in Resources */ = {isa = PBXBuildFile; fileRef = 0CDBA0CF2BD9AFF2000B81DA /* LaunchScreen.storyboard */; };
/* End PBXBuildFile section */

/* Begin PBXFileReference section */
		0C92E5E02BD9BF9100FA9BD2 /* AjudeNossoBairro.xcdatamodel */ = {isa = PBXFileReference; lastKnownFileType = wrapper.xcdatamodel; path = AjudeNossoBairro.xcdatamodel; sourceTree = "<group>"; };
		0C92E5E22BD9C04900FA9BD2 /* AjudeNossoBairroTableViewController.swift */ = {isa = PBXFileReference; lastKnownFileType = sourcecode.swift; path = AjudeNossoBairroTableViewController.swift; sourceTree = "<group>"; };
		0C92E5E42BD9C12E00FA9BD2 /* NewsTableViewCell.swift */ = {isa = PBXFileReference; lastKnownFileType = sourcecode.swift; path = NewsTableViewCell.swift; sourceTree = "<group>"; };
		0C92E5E62BD9C1AB00FA9BD2 /* UIViewController+Context.swift */ = {isa = PBXFileReference; lastKnownFileType = sourcecode.swift; path = "UIViewController+Context.swift"; sourceTree = "<group>"; };
		0C92E5E82BD9C25200FA9BD2 /* NewsFormViewController.swift */ = {isa = PBXFileReference; lastKnownFileType = sourcecode.swift; path = NewsFormViewController.swift; sourceTree = "<group>"; };
		0C92E5EA2BD9CA3600FA9BD2 /* NewsViewController.swift */ = {isa = PBXFileReference; lastKnownFileType = sourcecode.swift; path = NewsViewController.swift; sourceTree = "<group>"; };
		0CDBA0C12BD9AFF0000B81DA /* AjudeNossoBairro.app */ = {isa = PBXFileReference; explicitFileType = wrapper.application; includeInIndex = 0; path = AjudeNossoBairro.app; sourceTree = BUILT_PRODUCTS_DIR; };
		0CDBA0C42BD9AFF0000B81DA /* AppDelegate.swift */ = {isa = PBXFileReference; lastKnownFileType = sourcecode.swift; path = AppDelegate.swift; sourceTree = "<group>"; };
		0CDBA0C62BD9AFF0000B81DA /* SceneDelegate.swift */ = {isa = PBXFileReference; lastKnownFileType = sourcecode.swift; path = SceneDelegate.swift; sourceTree = "<group>"; };
		0CDBA0C82BD9AFF0000B81DA /* ViewController.swift */ = {isa = PBXFileReference; lastKnownFileType = sourcecode.swift; path = ViewController.swift; sourceTree = "<group>"; };
		0CDBA0CB2BD9AFF0000B81DA /* Base */ = {isa = PBXFileReference; lastKnownFileType = file.storyboard; name = Base; path = Base.lproj/Main.storyboard; sourceTree = "<group>"; };
		0CDBA0CD2BD9AFF2000B81DA /* Assets.xcassets */ = {isa = PBXFileReference; lastKnownFileType = folder.assetcatalog; path = Assets.xcassets; sourceTree = "<group>"; };
		0CDBA0D02BD9AFF2000B81DA /* Base */ = {isa = PBXFileReference; lastKnownFileType = file.storyboard; name = Base; path = Base.lproj/LaunchScreen.storyboard; sourceTree = "<group>"; };
		0CDBA0D22BD9AFF2000B81DA /* Info.plist */ = {isa = PBXFileReference; lastKnownFileType = text.plist.xml; path = Info.plist; sourceTree = "<group>"; };
/* End PBXFileReference section */

/* Begin PBXFrameworksBuildPhase section */
		0CDBA0BE2BD9AFF0000B81DA /* Frameworks */ = {
			isa = PBXFrameworksBuildPhase;
			buildActionMask = 2147483647;
			files = (
			);
			runOnlyForDeploymentPostprocessing = 0;
		};
/* End PBXFrameworksBuildPhase section */

/* Begin PBXGroup section */
		0CDBA0B82BD9AFF0000B81DA = {
			isa = PBXGroup;
			children = (
				0CDBA0C32BD9AFF0000B81DA /* AjudeNossoBairro */,
				0CDBA0C22BD9AFF0000B81DA /* Products */,
			);
			sourceTree = "<group>";
		};
		0CDBA0C22BD9AFF0000B81DA /* Products */ = {
			isa = PBXGroup;
			children = (
				0CDBA0C12BD9AFF0000B81DA /* AjudeNossoBairro.app */,
			);
			name = Products;
			sourceTree = "<group>";
		};
		0CDBA0C32BD9AFF0000B81DA /* AjudeNossoBairro */ = {
			isa = PBXGroup;
			children = (
				0CDBA0C42BD9AFF0000B81DA /* AppDelegate.swift */,
				0CDBA0C62BD9AFF0000B81DA /* SceneDelegate.swift */,
				0CDBA0C82BD9AFF0000B81DA /* ViewController.swift */,
				0CDBA0CA2BD9AFF0000B81DA /* Main.storyboard */,
				0CDBA0CD2BD9AFF2000B81DA /* Assets.xcassets */,
				0CDBA0CF2BD9AFF2000B81DA /* LaunchScreen.storyboard */,
				0CDBA0D22BD9AFF2000B81DA /* Info.plist */,
				0C92E5DF2BD9BF9000FA9BD2 /* AjudeNossoBairro.xcdatamodeld */,
				0C92E5E22BD9C04900FA9BD2 /* AjudeNossoBairroTableViewController.swift */,
				0C92E5E42BD9C12E00FA9BD2 /* NewsTableViewCell.swift */,
				0C92E5E62BD9C1AB00FA9BD2 /* UIViewController+Context.swift */,
				0C92E5E82BD9C25200FA9BD2 /* NewsFormViewController.swift */,
				0C92E5EA2BD9CA3600FA9BD2 /* NewsViewController.swift */,
			);
			path = AjudeNossoBairro;
			sourceTree = "<group>";
		};
/* End PBXGroup section */

/* Begin PBXNativeTarget section */
		0CDBA0C02BD9AFF0000B81DA /* AjudeNossoBairro */ = {
			isa = PBXNativeTarget;
			buildConfigurationList = 0CDBA0D52BD9AFF2000B81DA /* Build configuration list for PBXNativeTarget "AjudeNossoBairro" */;
			buildPhases = (
				0CDBA0BD2BD9AFF0000B81DA /* Sources */,
				0CDBA0BE2BD9AFF0000B81DA /* Frameworks */,
				0CDBA0BF2BD9AFF0000B81DA /* Resources */,
			);
			buildRules = (
			);
			dependencies = (
			);
			name = AjudeNossoBairro;
			productName = AjudeNossoBairro;
			productReference = 0CDBA0C12BD9AFF0000B81DA /* AjudeNossoBairro.app */;
			productType = "com.apple.product-type.application";
		};
/* End PBXNativeTarget section */

/* Begin PBXProject section */
		0CDBA0B92BD9AFF0000B81DA /* Project object */ = {
			isa = PBXProject;
			attributes = {
				BuildIndependentTargetsInParallel = 1;
				LastSwiftUpdateCheck = 1430;
				LastUpgradeCheck = 1430;
				TargetAttributes = {
					0CDBA0C02BD9AFF0000B81DA = {
						CreatedOnToolsVersion = 14.3;
					};
				};
			};
			buildConfigurationList = 0CDBA0BC2BD9AFF0000B81DA /* Build configuration list for PBXProject "AjudeNossoBairro" */;
			compatibilityVersion = "Xcode 14.0";
			developmentRegion = en;
			hasScannedForEncodings = 0;
			knownRegions = (
				en,
				Base,
			);
			mainGroup = 0CDBA0B82BD9AFF0000B81DA;
			productRefGroup = 0CDBA0C22BD9AFF0000B81DA /* Products */;
			projectDirPath = "";
			projectRoot = "";
			targets = (
				0CDBA0C02BD9AFF0000B81DA /* AjudeNossoBairro */,
			);
		};
/* End PBXProject section */

/* Begin PBXResourcesBuildPhase section */
		0CDBA0BF2BD9AFF0000B81DA /* Resources */ = {
			isa = PBXResourcesBuildPhase;
			buildActionMask = 2147483647;
			files = (
				0CDBA0D12BD9AFF2000B81DA /* LaunchScreen.storyboard in Resources */,
				0CDBA0CE2BD9AFF2000B81DA /* Assets.xcassets in Resources */,
				0CDBA0CC2BD9AFF0000B81DA /* Main.storyboard in Resources */,
			);
			runOnlyForDeploymentPostprocessing = 0;
		};
/* End PBXResourcesBuildPhase section */

/* Begin PBXSourcesBuildPhase section */
		0CDBA0BD2BD9AFF0000B81DA /* Sources */ = {
			isa = PBXSourcesBuildPhase;
			buildActionMask = 2147483647;
			files = (
				0CDBA0C92BD9AFF0000B81DA /* ViewController.swift in Sources */,
				0CDBA0C52BD9AFF0000B81DA /* AppDelegate.swift in Sources */,
				0C92E5E52BD9C12E00FA9BD2 /* NewsTableViewCell.swift in Sources */,
				0C92E5E72BD9C1AB00FA9BD2 /* UIViewController+Context.swift in Sources */,
				0CDBA0C72BD9AFF0000B81DA /* SceneDelegate.swift in Sources */,
				0C92E5E32BD9C04900FA9BD2 /* AjudeNossoBairroTableViewController.swift in Sources */,
				0C92E5EB2BD9CA3600FA9BD2 /* NewsViewController.swift in Sources */,
				0C92E5E12BD9BF9100FA9BD2 /* AjudeNossoBairro.xcdatamodeld in Sources */,
				0C92E5E92BD9C25200FA9BD2 /* NewsFormViewController.swift in Sources */,
			);
			runOnlyForDeploymentPostprocessing = 0;
		};
/* End PBXSourcesBuildPhase section */

/* Begin PBXVariantGroup section */
		0CDBA0CA2BD9AFF0000B81DA /* Main.storyboard */ = {
			isa = PBXVariantGroup;
			children = (
				0CDBA0CB2BD9AFF0000B81DA /* Base */,
			);
			name = Main.storyboard;
			sourceTree = "<group>";
		};
		0CDBA0CF2BD9AFF2000B81DA /* LaunchScreen.storyboard */ = {
			isa = PBXVariantGroup;
			children = (
				0CDBA0D02BD9AFF2000B81DA /* Base */,
			);
			name = LaunchScreen.storyboard;
			sourceTree = "<group>";
		};
/* End PBXVariantGroup section */

/* Begin XCBuildConfiguration section */
		0CDBA0D32BD9AFF2000B81DA /* Debug */ = {
			isa = XCBuildConfiguration;
			buildSettings = {
				ALWAYS_SEARCH_USER_PATHS = NO;
				CLANG_ANALYZER_NONNULL = YES;
				CLANG_ANALYZER_NUMBER_OBJECT_CONVERSION = YES_AGGRESSIVE;
				CLANG_CXX_LANGUAGE_STANDARD = "gnu++20";
				CLANG_ENABLE_MODULES = YES;
				CLANG_ENABLE_OBJC_ARC = YES;
				CLANG_ENABLE_OBJC_WEAK = YES;
				CLANG_WARN_BLOCK_CAPTURE_AUTORELEASING = YES;
				CLANG_WARN_BOOL_CONVERSION = YES;
				CLANG_WARN_COMMA = YES;
				CLANG_WARN_CONSTANT_CONVERSION = YES;
				CLANG_WARN_DEPRECATED_OBJC_IMPLEMENTATIONS = YES;
				CLANG_WARN_DIRECT_OBJC_ISA_USAGE = YES_ERROR;
				CLANG_WARN_DOCUMENTATION_COMMENTS = YES;
				CLANG_WARN_EMPTY_BODY = YES;
				CLANG_WARN_ENUM_CONVERSION = YES;
				CLANG_WARN_INFINITE_RECURSION = YES;
				CLANG_WARN_INT_CONVERSION = YES;
				CLANG_WARN_NON_LITERAL_NULL_CONVERSION = YES;
				CLANG_WARN_OBJC_IMPLICIT_RETAIN_SELF = YES;
				CLANG_WARN_OBJC_LITERAL_CONVERSION = YES;
				CLANG_WARN_OBJC_ROOT_CLASS = YES_ERROR;
				CLANG_WARN_QUOTED_INCLUDE_IN_FRAMEWORK_HEADER = YES;
				CLANG_WARN_RANGE_LOOP_ANALYSIS = YES;
				CLANG_WARN_STRICT_PROTOTYPES = YES;
				CLANG_WARN_SUSPICIOUS_MOVE = YES;
				CLANG_WARN_UNGUARDED_AVAILABILITY = YES_AGGRESSIVE;
				CLANG_WARN_UNREACHABLE_CODE = YES;
				CLANG_WARN__DUPLICATE_METHOD_MATCH = YES;
				COPY_PHASE_STRIP = NO;
				DEBUG_INFORMATION_FORMAT = dwarf;
				ENABLE_STRICT_OBJC_MSGSEND = YES;
				ENABLE_TESTABILITY = YES;
				GCC_C_LANGUAGE_STANDARD = gnu11;
				GCC_DYNAMIC_NO_PIC = NO;
				GCC_NO_COMMON_BLOCKS = YES;
				GCC_OPTIMIZATION_LEVEL = 0;
				GCC_PREPROCESSOR_DEFINITIONS = (
					"DEBUG=1",
					"$(inherited)",
				);
				GCC_WARN_64_TO_32_BIT_CONVERSION = YES;
				GCC_WARN_ABOUT_RETURN_TYPE = YES_ERROR;
				GCC_WARN_UNDECLARED_SELECTOR = YES;
				GCC_WARN_UNINITIALIZED_AUTOS = YES_AGGRESSIVE;
				GCC_WARN_UNUSED_FUNCTION = YES;
				GCC_WARN_UNUSED_VARIABLE = YES;
				IPHONEOS_DEPLOYMENT_TARGET = 16.4;
				MTL_ENABLE_DEBUG_INFO = INCLUDE_SOURCE;
				MTL_FAST_MATH = YES;
				ONLY_ACTIVE_ARCH = YES;
				SDKROOT = iphoneos;
				SWIFT_ACTIVE_COMPILATION_CONDITIONS = DEBUG;
				SWIFT_OPTIMIZATION_LEVEL = "-Onone";
			};
			name = Debug;
		};
		0CDBA0D42BD9AFF2000B81DA /* Release */ = {
			isa = XCBuildConfiguration;
			buildSettings = {
				ALWAYS_SEARCH_USER_PATHS = NO;
				CLANG_ANALYZER_NONNULL = YES;
				CLANG_ANALYZER_NUMBER_OBJECT_CONVERSION = YES_AGGRESSIVE;
				CLANG_CXX_LANGUAGE_STANDARD = "gnu++20";
				CLANG_ENABLE_MODULES = YES;
				CLANG_ENABLE_OBJC_ARC = YES;
				CLANG_ENABLE_OBJC_WEAK = YES;
				CLANG_WARN_BLOCK_CAPTURE_AUTORELEASING = YES;
				CLANG_WARN_BOOL_CONVERSION = YES;
				CLANG_WARN_COMMA = YES;
				CLANG_WARN_CONSTANT_CONVERSION = YES;
				CLANG_WARN_DEPRECATED_OBJC_IMPLEMENTATIONS = YES;
				CLANG_WARN_DIRECT_OBJC_ISA_USAGE = YES_ERROR;
				CLANG_WARN_DOCUMENTATION_COMMENTS = YES;
				CLANG_WARN_EMPTY_BODY = YES;
				CLANG_WARN_ENUM_CONVERSION = YES;
				CLANG_WARN_INFINITE_RECURSION = YES;
				CLANG_WARN_INT_CONVERSION = YES;
				CLANG_WARN_NON_LITERAL_NULL_CONVERSION = YES;
				CLANG_WARN_OBJC_IMPLICIT_RETAIN_SELF = YES;
				CLANG_WARN_OBJC_LITERAL_CONVERSION = YES;
				CLANG_WARN_OBJC_ROOT_CLASS = YES_ERROR;
				CLANG_WARN_QUOTED_INCLUDE_IN_FRAMEWORK_HEADER = YES;
				CLANG_WARN_RANGE_LOOP_ANALYSIS = YES;
				CLANG_WARN_STRICT_PROTOTYPES = YES;
				CLANG_WARN_SUSPICIOUS_MOVE = YES;
				CLANG_WARN_UNGUARDED_AVAILABILITY = YES_AGGRESSIVE;
				CLANG_WARN_UNREACHABLE_CODE = YES;
				CLANG_WARN__DUPLICATE_METHOD_MATCH = YES;
				COPY_PHASE_STRIP = NO;
				DEBUG_INFORMATION_FORMAT = "dwarf-with-dsym";
				ENABLE_NS_ASSERTIONS = NO;
				ENABLE_STRICT_OBJC_MSGSEND = YES;
				GCC_C_LANGUAGE_STANDARD = gnu11;
				GCC_NO_COMMON_BLOCKS = YES;
				GCC_WARN_64_TO_32_BIT_CONVERSION = YES;
				GCC_WARN_ABOUT_RETURN_TYPE = YES_ERROR;
				GCC_WARN_UNDECLARED_SELECTOR = YES;
				GCC_WARN_UNINITIALIZED_AUTOS = YES_AGGRESSIVE;
				GCC_WARN_UNUSED_FUNCTION = YES;
				GCC_WARN_UNUSED_VARIABLE = YES;
				IPHONEOS_DEPLOYMENT_TARGET = 16.4;
				MTL_ENABLE_DEBUG_INFO = NO;
				MTL_FAST_MATH = YES;
				SDKROOT = iphoneos;
				SWIFT_COMPILATION_MODE = wholemodule;
				SWIFT_OPTIMIZATION_LEVEL = "-O";
				VALIDATE_PRODUCT = YES;
			};
			name = Release;
		};
		0CDBA0D62BD9AFF2000B81DA /* Debug */ = {
			isa = XCBuildConfiguration;
			buildSettings = {
				ASSETCATALOG_COMPILER_APPICON_NAME = AppIcon;
				ASSETCATALOG_COMPILER_GLOBAL_ACCENT_COLOR_NAME = AccentColor;
				CODE_SIGN_STYLE = Automatic;
				CURRENT_PROJECT_VERSION = 1;
				DEVELOPMENT_TEAM = NZL4S9JNNP;
				GENERATE_INFOPLIST_FILE = YES;
				INFOPLIST_FILE = AjudeNossoBairro/Info.plist;
				INFOPLIST_KEY_UIApplicationSupportsIndirectInputEvents = YES;
				INFOPLIST_KEY_UILaunchStoryboardName = LaunchScreen;
				INFOPLIST_KEY_UIMainStoryboardFile = Main;
				INFOPLIST_KEY_UISupportedInterfaceOrientations_iPad = "UIInterfaceOrientationPortrait UIInterfaceOrientationPortraitUpsideDown UIInterfaceOrientationLandscapeLeft UIInterfaceOrientationLandscapeRight";
				INFOPLIST_KEY_UISupportedInterfaceOrientations_iPhone = "UIInterfaceOrientationPortrait UIInterfaceOrientationLandscapeLeft UIInterfaceOrientationLandscapeRight";
				LD_RUNPATH_SEARCH_PATHS = (
					"$(inherited)",
					"@executable_path/Frameworks",
				);
				MARKETING_VERSION = 1.0;
				PRODUCT_BUNDLE_IDENTIFIER = br.com.gustavo.AjudeNossoBairro;
				PRODUCT_NAME = "$(TARGET_NAME)";
				SWIFT_EMIT_LOC_STRINGS = YES;
				SWIFT_VERSION = 5.0;
				TARGETED_DEVICE_FAMILY = "1,2";
			};
			name = Debug;
		};
		0CDBA0D72BD9AFF2000B81DA /* Release */ = {
			isa = XCBuildConfiguration;
			buildSettings = {
				ASSETCATALOG_COMPILER_APPICON_NAME = AppIcon;
				ASSETCATALOG_COMPILER_GLOBAL_ACCENT_COLOR_NAME = AccentColor;
				CODE_SIGN_STYLE = Automatic;
				CURRENT_PROJECT_VERSION = 1;
				DEVELOPMENT_TEAM = NZL4S9JNNP;
				GENERATE_INFOPLIST_FILE = YES;
				INFOPLIST_FILE = AjudeNossoBairro/Info.plist;
				INFOPLIST_KEY_UIApplicationSupportsIndirectInputEvents = YES;
				INFOPLIST_KEY_UILaunchStoryboardName = LaunchScreen;
				INFOPLIST_KEY_UIMainStoryboardFile = Main;
				INFOPLIST_KEY_UISupportedInterfaceOrientations_iPad = "UIInterfaceOrientationPortrait UIInterfaceOrientationPortraitUpsideDown UIInterfaceOrientationLandscapeLeft UIInterfaceOrientationLandscapeRight";
				INFOPLIST_KEY_UISupportedInterfaceOrientations_iPhone = "UIInterfaceOrientationPortrait UIInterfaceOrientationLandscapeLeft UIInterfaceOrientationLandscapeRight";
				LD_RUNPATH_SEARCH_PATHS = (
					"$(inherited)",
					"@executable_path/Frameworks",
				);
				MARKETING_VERSION = 1.0;
				PRODUCT_BUNDLE_IDENTIFIER = br.com.gustavo.AjudeNossoBairro;
				PRODUCT_NAME = "$(TARGET_NAME)";
				SWIFT_EMIT_LOC_STRINGS = YES;
				SWIFT_VERSION = 5.0;
				TARGETED_DEVICE_FAMILY = "1,2";
			};
			name = Release;
		};
/* End XCBuildConfiguration section */

/* Begin XCConfigurationList section */
		0CDBA0BC2BD9AFF0000B81DA /* Build configuration list for PBXProject "AjudeNossoBairro" */ = {
			isa = XCConfigurationList;
			buildConfigurations = (
				0CDBA0D32BD9AFF2000B81DA /* Debug */,
				0CDBA0D42BD9AFF2000B81DA /* Release */,
			);
			defaultConfigurationIsVisible = 0;
			defaultConfigurationName = Release;
		};
		0CDBA0D52BD9AFF2000B81DA /* Build configuration list for PBXNativeTarget "AjudeNossoBairro" */ = {
			isa = XCConfigurationList;
			buildConfigurations = (
				0CDBA0D62BD9AFF2000B81DA /* Debug */,
				0CDBA0D72BD9AFF2000B81DA /* Release */,
			);
			defaultConfigurationIsVisible = 0;
			defaultConfigurationName = Release;
		};
/* End XCConfigurationList section */

/* Begin XCVersionGroup section */
		0C92E5DF2BD9BF9000FA9BD2 /* AjudeNossoBairro.xcdatamodeld */ = {
			isa = XCVersionGroup;
			children = (
				0C92E5E02BD9BF9100FA9BD2 /* AjudeNossoBairro.xcdatamodel */,
			);
			currentVersion = 0C92E5E02BD9BF9100FA9BD2 /* AjudeNossoBairro.xcdatamodel */;
			path = AjudeNossoBairro.xcdatamodeld;
			sourceTree = "<group>";
			versionGroupType = wrapper.xcdatamodel;
		};
/* End XCVersionGroup section */
	};
	rootObject = 0CDBA0B92BD9AFF0000B81DA /* Project object */;
}
